// !$*UTF8*$!
{
	archiveVersion = 1;
	classes = {
	};
	objectVersion = 46;
	objects = {

/* Begin PBXBuildFile section */
		4E20A6751DDD5DA0007892CF /* FTAlbumLIstViewController.m in Sources */ = {isa = PBXBuildFile; fileRef = 4E20A6691DDD5DA0007892CF /* FTAlbumLIstViewController.m */; };
		4E20A6761DDD5DA0007892CF /* FTDetailView.m in Sources */ = {isa = PBXBuildFile; fileRef = 4E20A66B1DDD5DA0007892CF /* FTDetailView.m */; };
		4E20A6771DDD5DA0007892CF /* FTImagePicker.m in Sources */ = {isa = PBXBuildFile; fileRef = 4E20A66D1DDD5DA0007892CF /* FTImagePicker.m */; };
		4E20A6781DDD5DA0007892CF /* FTImagePickerAssets.xcassets in Resources */ = {isa = PBXBuildFile; fileRef = 4E20A66E1DDD5DA0007892CF /* FTImagePickerAssets.xcassets */; };
		4E20A6791DDD5DA0007892CF /* FTImagePickerCells.m in Sources */ = {isa = PBXBuildFile; fileRef = 4E20A6701DDD5DA0007892CF /* FTImagePickerCells.m */; };
		4E20A67A1DDD5DA0007892CF /* FTImagePickerStoryBoard.storyboard in Resources */ = {isa = PBXBuildFile; fileRef = 4E20A6711DDD5DA0007892CF /* FTImagePickerStoryBoard.storyboard */; };
		4E20A67B1DDD5DA0007892CF /* FTImagePickerViewController.m in Sources */ = {isa = PBXBuildFile; fileRef = 4E20A6731DDD5DA0007892CF /* FTImagePickerViewController.m */; };
		4E20A67C1DDD5DA0007892CF /* WorkingProcess in Resources */ = {isa = PBXBuildFile; fileRef = 4E20A6741DDD5DA0007892CF /* WorkingProcess */; };
		4E20A6811DDD7A15007892CF /* DetailViewController.m in Sources */ = {isa = PBXBuildFile; fileRef = 4E20A6801DDD7A15007892CF /* DetailViewController.m */; };
		4E20A6891DDDC0F5007892CF /* NotificationCenter.framework in Frameworks */ = {isa = PBXBuildFile; fileRef = 4E20A6881DDDC0F5007892CF /* NotificationCenter.framework */; };
		4E20A68D1DDDC0F5007892CF /* TodayViewController.m in Sources */ = {isa = PBXBuildFile; fileRef = 4E20A68C1DDDC0F5007892CF /* TodayViewController.m */; };
		4E20A6901DDDC0F5007892CF /* MainInterface.storyboard in Resources */ = {isa = PBXBuildFile; fileRef = 4E20A68E1DDDC0F5007892CF /* MainInterface.storyboard */; };
		4E20A6941DDDC0F5007892CF /* HomeScreenShortCutExampleWidget.appex in Embed App Extensions */ = {isa = PBXBuildFile; fileRef = 4E20A6861DDDC0F5007892CF /* HomeScreenShortCutExampleWidget.appex */; settings = {ATTRIBUTES = (RemoveHeadersOnCopy, ); }; };
		4EE300E01DDC03EF0076DCC4 /* main.m in Sources */ = {isa = PBXBuildFile; fileRef = 4EE300DF1DDC03EF0076DCC4 /* main.m */; };
		4EE300E31DDC03EF0076DCC4 /* AppDelegate.m in Sources */ = {isa = PBXBuildFile; fileRef = 4EE300E21DDC03EF0076DCC4 /* AppDelegate.m */; };
		4EE300E61DDC03EF0076DCC4 /* ViewController.m in Sources */ = {isa = PBXBuildFile; fileRef = 4EE300E51DDC03EF0076DCC4 /* ViewController.m */; };
		4EE300E91DDC03EF0076DCC4 /* Main.storyboard in Resources */ = {isa = PBXBuildFile; fileRef = 4EE300E71DDC03EF0076DCC4 /* Main.storyboard */; };
		4EE300EC1DDC03EF0076DCC4 /* HomeScreenShortCutExample.xcdatamodeld in Sources */ = {isa = PBXBuildFile; fileRef = 4EE300EA1DDC03EF0076DCC4 /* HomeScreenShortCutExample.xcdatamodeld */; };
		4EE300EE1DDC03EF0076DCC4 /* Assets.xcassets in Resources */ = {isa = PBXBuildFile; fileRef = 4EE300ED1DDC03EF0076DCC4 /* Assets.xcassets */; };
		4EE300F11DDC03EF0076DCC4 /* LaunchScreen.storyboard in Resources */ = {isa = PBXBuildFile; fileRef = 4EE300EF1DDC03EF0076DCC4 /* LaunchScreen.storyboard */; };
/* End PBXBuildFile section */

/* Begin PBXContainerItemProxy section */
		4E20A6921DDDC0F5007892CF /* PBXContainerItemProxy */ = {
			isa = PBXContainerItemProxy;
			containerPortal = 4EE300D31DDC03EF0076DCC4 /* Project object */;
			proxyType = 1;
			remoteGlobalIDString = 4E20A6851DDDC0F5007892CF;
			remoteInfo = HomeScreenShortCutExampleWidget;
		};
/* End PBXContainerItemProxy section */

/* Begin PBXCopyFilesBuildPhase section */
		4E20A6981DDDC0F5007892CF /* Embed App Extensions */ = {
			isa = PBXCopyFilesBuildPhase;
			buildActionMask = 2147483647;
			dstPath = "";
			dstSubfolderSpec = 13;
			files = (
				4E20A6941DDDC0F5007892CF /* HomeScreenShortCutExampleWidget.appex in Embed App Extensions */,
			);
			name = "Embed App Extensions";
			runOnlyForDeploymentPostprocessing = 0;
		};
/* End PBXCopyFilesBuildPhase section */

/* Begin PBXFileReference section */
		4E20A6681DDD5DA0007892CF /* FTAlbumLIstViewController.h */ = {isa = PBXFileReference; fileEncoding = 4; lastKnownFileType = sourcecode.c.h; path = FTAlbumLIstViewController.h; sourceTree = "<group>"; };
		4E20A6691DDD5DA0007892CF /* FTAlbumLIstViewController.m */ = {isa = PBXFileReference; fileEncoding = 4; lastKnownFileType = sourcecode.c.objc; path = FTAlbumLIstViewController.m; sourceTree = "<group>"; };
		4E20A66A1DDD5DA0007892CF /* FTDetailView.h */ = {isa = PBXFileReference; fileEncoding = 4; lastKnownFileType = sourcecode.c.h; path = FTDetailView.h; sourceTree = "<group>"; };
		4E20A66B1DDD5DA0007892CF /* FTDetailView.m */ = {isa = PBXFileReference; fileEncoding = 4; lastKnownFileType = sourcecode.c.objc; path = FTDetailView.m; sourceTree = "<group>"; };
		4E20A66C1DDD5DA0007892CF /* FTImagePicker.h */ = {isa = PBXFileReference; fileEncoding = 4; lastKnownFileType = sourcecode.c.h; path = FTImagePicker.h; sourceTree = "<group>"; };
		4E20A66D1DDD5DA0007892CF /* FTImagePicker.m */ = {isa = PBXFileReference; fileEncoding = 4; lastKnownFileType = sourcecode.c.objc; path = FTImagePicker.m; sourceTree = "<group>"; };
		4E20A66E1DDD5DA0007892CF /* FTImagePickerAssets.xcassets */ = {isa = PBXFileReference; lastKnownFileType = folder.assetcatalog; path = FTImagePickerAssets.xcassets; sourceTree = "<group>"; };
		4E20A66F1DDD5DA0007892CF /* FTImagePickerCells.h */ = {isa = PBXFileReference; fileEncoding = 4; lastKnownFileType = sourcecode.c.h; path = FTImagePickerCells.h; sourceTree = "<group>"; };
		4E20A6701DDD5DA0007892CF /* FTImagePickerCells.m */ = {isa = PBXFileReference; fileEncoding = 4; lastKnownFileType = sourcecode.c.objc; path = FTImagePickerCells.m; sourceTree = "<group>"; };
		4E20A6711DDD5DA0007892CF /* FTImagePickerStoryBoard.storyboard */ = {isa = PBXFileReference; fileEncoding = 4; lastKnownFileType = file.storyboard; path = FTImagePickerStoryBoard.storyboard; sourceTree = "<group>"; };
		4E20A6721DDD5DA0007892CF /* FTImagePickerViewController.h */ = {isa = PBXFileReference; fileEncoding = 4; lastKnownFileType = sourcecode.c.h; path = FTImagePickerViewController.h; sourceTree = "<group>"; };
		4E20A6731DDD5DA0007892CF /* FTImagePickerViewController.m */ = {isa = PBXFileReference; fileEncoding = 4; lastKnownFileType = sourcecode.c.objc; path = FTImagePickerViewController.m; sourceTree = "<group>"; };
		4E20A6741DDD5DA0007892CF /* WorkingProcess */ = {isa = PBXFileReference; fileEncoding = 4; lastKnownFileType = text; path = WorkingProcess; sourceTree = "<group>"; };
		4E20A67D1DDD678A007892CF /* README.md */ = {isa = PBXFileReference; fileEncoding = 4; lastKnownFileType = net.daringfireball.markdown; name = README.md; path = HomeScreenShortCutExample/README.md; sourceTree = "<group>"; };
		4E20A67F1DDD7A15007892CF /* DetailViewController.h */ = {isa = PBXFileReference; fileEncoding = 4; lastKnownFileType = sourcecode.c.h; path = DetailViewController.h; sourceTree = "<group>"; };
		4E20A6801DDD7A15007892CF /* DetailViewController.m */ = {isa = PBXFileReference; fileEncoding = 4; lastKnownFileType = sourcecode.c.objc; path = DetailViewController.m; sourceTree = "<group>"; };
		4E20A6861DDDC0F5007892CF /* HomeScreenShortCutExampleWidget.appex */ = {isa = PBXFileReference; explicitFileType = "wrapper.app-extension"; includeInIndex = 0; path = HomeScreenShortCutExampleWidget.appex; sourceTree = BUILT_PRODUCTS_DIR; };
		4E20A6881DDDC0F5007892CF /* NotificationCenter.framework */ = {isa = PBXFileReference; lastKnownFileType = wrapper.framework; name = NotificationCenter.framework; path = System/Library/Frameworks/NotificationCenter.framework; sourceTree = SDKROOT; };
		4E20A68B1DDDC0F5007892CF /* TodayViewController.h */ = {isa = PBXFileReference; lastKnownFileType = sourcecode.c.h; path = TodayViewController.h; sourceTree = "<group>"; };
		4E20A68C1DDDC0F5007892CF /* TodayViewController.m */ = {isa = PBXFileReference; lastKnownFileType = sourcecode.c.objc; path = TodayViewController.m; sourceTree = "<group>"; };
		4E20A68F1DDDC0F5007892CF /* Base */ = {isa = PBXFileReference; lastKnownFileType = file.storyboard; name = Base; path = Base.lproj/MainInterface.storyboard; sourceTree = "<group>"; };
		4E20A6911DDDC0F5007892CF /* Info.plist */ = {isa = PBXFileReference; lastKnownFileType = text.plist.xml; path = Info.plist; sourceTree = "<group>"; };
		4ED8BB001DDE8E750005E7A4 /* HomeScreenShortCutExampleWidget.entitlements */ = {isa = PBXFileReference; lastKnownFileType = text.plist.entitlements; path = HomeScreenShortCutExampleWidget.entitlements; sourceTree = "<group>"; };
		4ED8BB011DDE8ED10005E7A4 /* HomeScreenShortCutExample.entitlements */ = {isa = PBXFileReference; lastKnownFileType = text.plist.entitlements; path = HomeScreenShortCutExample.entitlements; sourceTree = "<group>"; };
		4EE300DB1DDC03EF0076DCC4 /* HomeScreenShortCutExample.app */ = {isa = PBXFileReference; explicitFileType = wrapper.application; includeInIndex = 0; path = HomeScreenShortCutExample.app; sourceTree = BUILT_PRODUCTS_DIR; };
		4EE300DF1DDC03EF0076DCC4 /* main.m */ = {isa = PBXFileReference; lastKnownFileType = sourcecode.c.objc; path = main.m; sourceTree = "<group>"; };
		4EE300E11DDC03EF0076DCC4 /* AppDelegate.h */ = {isa = PBXFileReference; lastKnownFileType = sourcecode.c.h; path = AppDelegate.h; sourceTree = "<group>"; };
		4EE300E21DDC03EF0076DCC4 /* AppDelegate.m */ = {isa = PBXFileReference; lastKnownFileType = sourcecode.c.objc; path = AppDelegate.m; sourceTree = "<group>"; };
		4EE300E41DDC03EF0076DCC4 /* ViewController.h */ = {isa = PBXFileReference; lastKnownFileType = sourcecode.c.h; path = ViewController.h; sourceTree = "<group>"; };
		4EE300E51DDC03EF0076DCC4 /* ViewController.m */ = {isa = PBXFileReference; lastKnownFileType = sourcecode.c.objc; path = ViewController.m; sourceTree = "<group>"; };
		4EE300E81DDC03EF0076DCC4 /* Base */ = {isa = PBXFileReference; lastKnownFileType = file.storyboard; name = Base; path = Base.lproj/Main.storyboard; sourceTree = "<group>"; };
		4EE300EB1DDC03EF0076DCC4 /* HomeScreenShortCutExample.xcdatamodel */ = {isa = PBXFileReference; lastKnownFileType = wrapper.xcdatamodel; path = HomeScreenShortCutExample.xcdatamodel; sourceTree = "<group>"; };
		4EE300ED1DDC03EF0076DCC4 /* Assets.xcassets */ = {isa = PBXFileReference; lastKnownFileType = folder.assetcatalog; path = Assets.xcassets; sourceTree = "<group>"; };
		4EE300F01DDC03EF0076DCC4 /* Base */ = {isa = PBXFileReference; lastKnownFileType = file.storyboard; name = Base; path = Base.lproj/LaunchScreen.storyboard; sourceTree = "<group>"; };
		4EE300F21DDC03EF0076DCC4 /* Info.plist */ = {isa = PBXFileReference; lastKnownFileType = text.plist.xml; path = Info.plist; sourceTree = "<group>"; };
/* End PBXFileReference section */

/* Begin PBXFrameworksBuildPhase section */
		4E20A6831DDDC0F5007892CF /* Frameworks */ = {
			isa = PBXFrameworksBuildPhase;
			buildActionMask = 2147483647;
			files = (
				4E20A6891DDDC0F5007892CF /* NotificationCenter.framework in Frameworks */,
			);
			runOnlyForDeploymentPostprocessing = 0;
		};
		4EE300D81DDC03EF0076DCC4 /* Frameworks */ = {
			isa = PBXFrameworksBuildPhase;
			buildActionMask = 2147483647;
			files = (
			);
			runOnlyForDeploymentPostprocessing = 0;
		};
/* End PBXFrameworksBuildPhase section */

/* Begin PBXGroup section */
		4E20A6671DDD5DA0007892CF /* FTImagePicker */ = {
			isa = PBXGroup;
			children = (
				4E20A6681DDD5DA0007892CF /* FTAlbumLIstViewController.h */,
				4E20A6691DDD5DA0007892CF /* FTAlbumLIstViewController.m */,
				4E20A66A1DDD5DA0007892CF /* FTDetailView.h */,
				4E20A66B1DDD5DA0007892CF /* FTDetailView.m */,
				4E20A66C1DDD5DA0007892CF /* FTImagePicker.h */,
				4E20A66D1DDD5DA0007892CF /* FTImagePicker.m */,
				4E20A66E1DDD5DA0007892CF /* FTImagePickerAssets.xcassets */,
				4E20A66F1DDD5DA0007892CF /* FTImagePickerCells.h */,
				4E20A6701DDD5DA0007892CF /* FTImagePickerCells.m */,
				4E20A6711DDD5DA0007892CF /* FTImagePickerStoryBoard.storyboard */,
				4E20A6721DDD5DA0007892CF /* FTImagePickerViewController.h */,
				4E20A6731DDD5DA0007892CF /* FTImagePickerViewController.m */,
				4E20A6741DDD5DA0007892CF /* WorkingProcess */,
			);
			path = FTImagePicker;
			sourceTree = "<group>";
		};
		4E20A6871DDDC0F5007892CF /* Frameworks */ = {
			isa = PBXGroup;
			children = (
				4E20A6881DDDC0F5007892CF /* NotificationCenter.framework */,
			);
			name = Frameworks;
			sourceTree = "<group>";
		};
		4E20A68A1DDDC0F5007892CF /* HomeScreenShortCutExampleWidget */ = {
			isa = PBXGroup;
			children = (
				4ED8BB001DDE8E750005E7A4 /* HomeScreenShortCutExampleWidget.entitlements */,
				4E20A68B1DDDC0F5007892CF /* TodayViewController.h */,
				4E20A68C1DDDC0F5007892CF /* TodayViewController.m */,
				4E20A68E1DDDC0F5007892CF /* MainInterface.storyboard */,
				4E20A6911DDDC0F5007892CF /* Info.plist */,
			);
			path = HomeScreenShortCutExampleWidget;
			sourceTree = "<group>";
		};
		4EE300D21DDC03EF0076DCC4 = {
			isa = PBXGroup;
			children = (
				4E20A6671DDD5DA0007892CF /* FTImagePicker */,
				4EE300DD1DDC03EF0076DCC4 /* HomeScreenShortCutExample */,
				4E20A68A1DDDC0F5007892CF /* HomeScreenShortCutExampleWidget */,
				4E20A6871DDDC0F5007892CF /* Frameworks */,
				4EE300DC1DDC03EF0076DCC4 /* Products */,
				4E20A67D1DDD678A007892CF /* README.md */,
			);
			sourceTree = "<group>";
		};
		4EE300DC1DDC03EF0076DCC4 /* Products */ = {
			isa = PBXGroup;
			children = (
				4EE300DB1DDC03EF0076DCC4 /* HomeScreenShortCutExample.app */,
				4E20A6861DDDC0F5007892CF /* HomeScreenShortCutExampleWidget.appex */,
			);
			name = Products;
			sourceTree = "<group>";
		};
		4EE300DD1DDC03EF0076DCC4 /* HomeScreenShortCutExample */ = {
			isa = PBXGroup;
			children = (
				4ED8BB011DDE8ED10005E7A4 /* HomeScreenShortCutExample.entitlements */,
				4EE300E11DDC03EF0076DCC4 /* AppDelegate.h */,
				4EE300E21DDC03EF0076DCC4 /* AppDelegate.m */,
				4EE300E41DDC03EF0076DCC4 /* ViewController.h */,
				4EE300E51DDC03EF0076DCC4 /* ViewController.m */,
				4E20A67F1DDD7A15007892CF /* DetailViewController.h */,
				4E20A6801DDD7A15007892CF /* DetailViewController.m */,
				4EE300E71DDC03EF0076DCC4 /* Main.storyboard */,
				4EE300ED1DDC03EF0076DCC4 /* Assets.xcassets */,
				4EE300EF1DDC03EF0076DCC4 /* LaunchScreen.storyboard */,
				4EE300F21DDC03EF0076DCC4 /* Info.plist */,
				4EE300EA1DDC03EF0076DCC4 /* HomeScreenShortCutExample.xcdatamodeld */,
				4EE300DE1DDC03EF0076DCC4 /* Supporting Files */,
			);
			path = HomeScreenShortCutExample;
			sourceTree = "<group>";
		};
		4EE300DE1DDC03EF0076DCC4 /* Supporting Files */ = {
			isa = PBXGroup;
			children = (
				4EE300DF1DDC03EF0076DCC4 /* main.m */,
			);
			name = "Supporting Files";
			sourceTree = "<group>";
		};
/* End PBXGroup section */

/* Begin PBXNativeTarget section */
		4E20A6851DDDC0F5007892CF /* HomeScreenShortCutExampleWidget */ = {
			isa = PBXNativeTarget;
			buildConfigurationList = 4E20A6971DDDC0F5007892CF /* Build configuration list for PBXNativeTarget "HomeScreenShortCutExampleWidget" */;
			buildPhases = (
				4E20A6821DDDC0F5007892CF /* Sources */,
				4E20A6831DDDC0F5007892CF /* Frameworks */,
				4E20A6841DDDC0F5007892CF /* Resources */,
			);
			buildRules = (
			);
			dependencies = (
			);
			name = HomeScreenShortCutExampleWidget;
			productName = HomeScreenShortCutExampleWidget;
			productReference = 4E20A6861DDDC0F5007892CF /* HomeScreenShortCutExampleWidget.appex */;
			productType = "com.apple.product-type.app-extension";
		};
		4EE300DA1DDC03EF0076DCC4 /* HomeScreenShortCutExample */ = {
			isa = PBXNativeTarget;
			buildConfigurationList = 4EE300F51DDC03EF0076DCC4 /* Build configuration list for PBXNativeTarget "HomeScreenShortCutExample" */;
			buildPhases = (
				4EE300D71DDC03EF0076DCC4 /* Sources */,
				4EE300D81DDC03EF0076DCC4 /* Frameworks */,
				4EE300D91DDC03EF0076DCC4 /* Resources */,
				4E20A6981DDDC0F5007892CF /* Embed App Extensions */,
			);
			buildRules = (
			);
			dependencies = (
				4E20A6931DDDC0F5007892CF /* PBXTargetDependency */,
			);
			name = HomeScreenShortCutExample;
			productName = HomeScreenShortCutExample;
			productReference = 4EE300DB1DDC03EF0076DCC4 /* HomeScreenShortCutExample.app */;
			productType = "com.apple.product-type.application";
		};
/* End PBXNativeTarget section */

/* Begin PBXProject section */
		4EE300D31DDC03EF0076DCC4 /* Project object */ = {
			isa = PBXProject;
			attributes = {
				LastUpgradeCheck = 0800;
				ORGANIZATIONNAME = "fantagram Inc.";
				TargetAttributes = {
					4E20A6851DDDC0F5007892CF = {
						CreatedOnToolsVersion = 8.0;
						DevelopmentTeam = A588LMT325;
						ProvisioningStyle = Automatic;
						SystemCapabilities = {
							com.apple.ApplicationGroups.iOS = {
								enabled = 1;
							};
						};
					};
					4EE300DA1DDC03EF0076DCC4 = {
						CreatedOnToolsVersion = 8.0;
						DevelopmentTeam = A588LMT325;
						ProvisioningStyle = Automatic;
						SystemCapabilities = {
							com.apple.ApplicationGroups.iOS = {
								enabled = 1;
							};
						};
					};
				};
			};
			buildConfigurationList = 4EE300D61DDC03EF0076DCC4 /* Build configuration list for PBXProject "HomeScreenShortCutExample" */;
			compatibilityVersion = "Xcode 3.2";
			developmentRegion = English;
			hasScannedForEncodings = 0;
			knownRegions = (
				en,
				Base,
			);
			mainGroup = 4EE300D21DDC03EF0076DCC4;
			productRefGroup = 4EE300DC1DDC03EF0076DCC4 /* Products */;
			projectDirPath = "";
			projectRoot = "";
			targets = (
				4EE300DA1DDC03EF0076DCC4 /* HomeScreenShortCutExample */,
				4E20A6851DDDC0F5007892CF /* HomeScreenShortCutExampleWidget */,
			);
		};
/* End PBXProject section */

/* Begin PBXResourcesBuildPhase section */
		4E20A6841DDDC0F5007892CF /* Resources */ = {
			isa = PBXResourcesBuildPhase;
			buildActionMask = 2147483647;
			files = (
				4E20A6901DDDC0F5007892CF /* MainInterface.storyboard in Resources */,
			);
			runOnlyForDeploymentPostprocessing = 0;
		};
		4EE300D91DDC03EF0076DCC4 /* Resources */ = {
			isa = PBXResourcesBuildPhase;
			buildActionMask = 2147483647;
			files = (
				4E20A67C1DDD5DA0007892CF /* WorkingProcess in Resources */,
				4EE300F11DDC03EF0076DCC4 /* LaunchScreen.storyboard in Resources */,
				4E20A67A1DDD5DA0007892CF /* FTImagePickerStoryBoard.storyboard in Resources */,
				4EE300EE1DDC03EF0076DCC4 /* Assets.xcassets in Resources */,
				4E20A6781DDD5DA0007892CF /* FTImagePickerAssets.xcassets in Resources */,
				4EE300E91DDC03EF0076DCC4 /* Main.storyboard in Resources */,
			);
			runOnlyForDeploymentPostprocessing = 0;
		};
/* End PBXResourcesBuildPhase section */

/* Begin PBXSourcesBuildPhase section */
		4E20A6821DDDC0F5007892CF /* Sources */ = {
			isa = PBXSourcesBuildPhase;
			buildActionMask = 2147483647;
			files = (
				4E20A68D1DDDC0F5007892CF /* TodayViewController.m in Sources */,
			);
			runOnlyForDeploymentPostprocessing = 0;
		};
		4EE300D71DDC03EF0076DCC4 /* Sources */ = {
			isa = PBXSourcesBuildPhase;
			buildActionMask = 2147483647;
			files = (
				4E20A67B1DDD5DA0007892CF /* FTImagePickerViewController.m in Sources */,
				4E20A6751DDD5DA0007892CF /* FTAlbumLIstViewController.m in Sources */,
				4E20A6761DDD5DA0007892CF /* FTDetailView.m in Sources */,
				4EE300E61DDC03EF0076DCC4 /* ViewController.m in Sources */,
				4E20A6771DDD5DA0007892CF /* FTImagePicker.m in Sources */,
				4EE300E31DDC03EF0076DCC4 /* AppDelegate.m in Sources */,
				4E20A6811DDD7A15007892CF /* DetailViewController.m in Sources */,
				4E20A6791DDD5DA0007892CF /* FTImagePickerCells.m in Sources */,
				4EE300E01DDC03EF0076DCC4 /* main.m in Sources */,
				4EE300EC1DDC03EF0076DCC4 /* HomeScreenShortCutExample.xcdatamodeld in Sources */,
			);
			runOnlyForDeploymentPostprocessing = 0;
		};
/* End PBXSourcesBuildPhase section */

/* Begin PBXTargetDependency section */
		4E20A6931DDDC0F5007892CF /* PBXTargetDependency */ = {
			isa = PBXTargetDependency;
			target = 4E20A6851DDDC0F5007892CF /* HomeScreenShortCutExampleWidget */;
			targetProxy = 4E20A6921DDDC0F5007892CF /* PBXContainerItemProxy */;
		};
/* End PBXTargetDependency section */

/* Begin PBXVariantGroup section */
		4E20A68E1DDDC0F5007892CF /* MainInterface.storyboard */ = {
			isa = PBXVariantGroup;
			children = (
				4E20A68F1DDDC0F5007892CF /* Base */,
			);
			name = MainInterface.storyboard;
			sourceTree = "<group>";
		};
		4EE300E71DDC03EF0076DCC4 /* Main.storyboard */ = {
			isa = PBXVariantGroup;
			children = (
				4EE300E81DDC03EF0076DCC4 /* Base */,
			);
			name = Main.storyboard;
			sourceTree = "<group>";
		};
		4EE300EF1DDC03EF0076DCC4 /* LaunchScreen.storyboard */ = {
			isa = PBXVariantGroup;
			children = (
				4EE300F01DDC03EF0076DCC4 /* Base */,
			);
			name = LaunchScreen.storyboard;
			sourceTree = "<group>";
		};
/* End PBXVariantGroup section */

/* Begin XCBuildConfiguration section */
		4E20A6951DDDC0F5007892CF /* Debug */ = {
			isa = XCBuildConfiguration;
			buildSettings = {
				CODE_SIGN_ENTITLEMENTS = HomeScreenShortCutExampleWidget/HomeScreenShortCutExampleWidget.entitlements;
				DEVELOPMENT_TEAM = A588LMT325;
				INFOPLIST_FILE = HomeScreenShortCutExampleWidget/Info.plist;
				IPHONEOS_DEPLOYMENT_TARGET = 9.0;
				LD_RUNPATH_SEARCH_PATHS = "$(inherited) @executable_path/Frameworks @executable_path/../../Frameworks";
				PRODUCT_BUNDLE_IDENTIFIER = com.fantagram.HomeScreenShortCutExample.HomeScreenShortCutExampleWidget;
				PRODUCT_NAME = "$(TARGET_NAME)";
				SKIP_INSTALL = YES;
				TARGETED_DEVICE_FAMILY = "1,2";
			};
			name = Debug;
		};
		4E20A6961DDDC0F5007892CF /* Release */ = {
			isa = XCBuildConfiguration;
			buildSettings = {
				CODE_SIGN_ENTITLEMENTS = HomeScreenShortCutExampleWidget/HomeScreenShortCutExampleWidget.entitlements;
				DEVELOPMENT_TEAM = A588LMT325;
				INFOPLIST_FILE = HomeScreenShortCutExampleWidget/Info.plist;
				IPHONEOS_DEPLOYMENT_TARGET = 9.0;
				LD_RUNPATH_SEARCH_PATHS = "$(inherited) @executable_path/Frameworks @executable_path/../../Frameworks";
				PRODUCT_BUNDLE_IDENTIFIER = com.fantagram.HomeScreenShortCutExample.HomeScreenShortCutExampleWidget;
				PRODUCT_NAME = "$(TARGET_NAME)";
				SKIP_INSTALL = YES;
				TARGETED_DEVICE_FAMILY = "1,2";
			};
			name = Release;
		};
		4EE300F31DDC03EF0076DCC4 /* Debug */ = {
			isa = XCBuildConfiguration;
			buildSettings = {
				ALWAYS_SEARCH_USER_PATHS = NO;
				CLANG_ANALYZER_NONNULL = YES;
				CLANG_CXX_LANGUAGE_STANDARD = "gnu++0x";
				CLANG_CXX_LIBRARY = "libc++";
				CLANG_ENABLE_MODULES = YES;
				CLANG_ENABLE_OBJC_ARC = YES;
				CLANG_WARN_BOOL_CONVERSION = YES;
				CLANG_WARN_CONSTANT_CONVERSION = YES;
				CLANG_WARN_DIRECT_OBJC_ISA_USAGE = YES_ERROR;
				CLANG_WARN_DOCUMENTATION_COMMENTS = YES;
				CLANG_WARN_EMPTY_BODY = YES;
				CLANG_WARN_ENUM_CONVERSION = YES;
				CLANG_WARN_INFINITE_RECURSION = YES;
				CLANG_WARN_INT_CONVERSION = YES;
				CLANG_WARN_OBJC_ROOT_CLASS = YES_ERROR;
				CLANG_WARN_SUSPICIOUS_MOVES = YES;
				CLANG_WARN_UNREACHABLE_CODE = YES;
				CLANG_WARN__DUPLICATE_METHOD_MATCH = YES;
				"CODE_SIGN_IDENTITY[sdk=iphoneos*]" = "iPhone Developer";
				COPY_PHASE_STRIP = NO;
				DEBUG_INFORMATION_FORMAT = dwarf;
				ENABLE_STRICT_OBJC_MSGSEND = YES;
				ENABLE_TESTABILITY = YES;
				GCC_C_LANGUAGE_STANDARD = gnu99;
				GCC_DYNAMIC_NO_PIC = NO;
				GCC_NO_COMMON_BLOCKS = YES;
				GCC_OPTIMIZATION_LEVEL = 0;
				GCC_PREPROCESSOR_DEFINITIONS = (
					"DEBUG=1",
					"$(inherited)",
				);
				GCC_WARN_64_TO_32_BIT_CONVERSION = YES;
				GCC_WARN_ABOUT_RETURN_TYPE = YES_ERROR;
				GCC_WARN_UNDECLARED_SELECTOR = YES;
				GCC_WARN_UNINITIALIZED_AUTOS = YES_AGGRESSIVE;
				GCC_WARN_UNUSED_FUNCTION = YES;
				GCC_WARN_UNUSED_VARIABLE = YES;
				IPHONEOS_DEPLOYMENT_TARGET = 10.0;
				MTL_ENABLE_DEBUG_INFO = YES;
				ONLY_ACTIVE_ARCH = YES;
				SDKROOT = iphoneos;
			};
			name = Debug;
		};
		4EE300F41DDC03EF0076DCC4 /* Release */ = {
			isa = XCBuildConfiguration;
			buildSettings = {
				ALWAYS_SEARCH_USER_PATHS = NO;
				CLANG_ANALYZER_NONNULL = YES;
				CLANG_CXX_LANGUAGE_STANDARD = "gnu++0x";
				CLANG_CXX_LIBRARY = "libc++";
				CLANG_ENABLE_MODULES = YES;
				CLANG_ENABLE_OBJC_ARC = YES;
				CLANG_WARN_BOOL_CONVERSION = YES;
				CLANG_WARN_CONSTANT_CONVERSION = YES;
				CLANG_WARN_DIRECT_OBJC_ISA_USAGE = YES_ERROR;
				CLANG_WARN_DOCUMENTATION_COMMENTS = YES;
				CLANG_WARN_EMPTY_BODY = YES;
				CLANG_WARN_ENUM_CONVERSION = YES;
				CLANG_WARN_INFINITE_RECURSION = YES;
				CLANG_WARN_INT_CONVERSION = YES;
				CLANG_WARN_OBJC_ROOT_CLASS = YES_ERROR;
				CLANG_WARN_SUSPICIOUS_MOVES = YES;
				CLANG_WARN_UNREACHABLE_CODE = YES;
				CLANG_WARN__DUPLICATE_METHOD_MATCH = YES;
				"CODE_SIGN_IDENTITY[sdk=iphoneos*]" = "iPhone Developer";
				COPY_PHASE_STRIP = NO;
				DEBUG_INFORMATION_FORMAT = "dwarf-with-dsym";
				ENABLE_NS_ASSERTIONS = NO;
				ENABLE_STRICT_OBJC_MSGSEND = YES;
				GCC_C_LANGUAGE_STANDARD = gnu99;
				GCC_NO_COMMON_BLOCKS = YES;
				GCC_WARN_64_TO_32_BIT_CONVERSION = YES;
				GCC_WARN_ABOUT_RETURN_TYPE = YES_ERROR;
				GCC_WARN_UNDECLARED_SELECTOR = YES;
				GCC_WARN_UNINITIALIZED_AUTOS = YES_AGGRESSIVE;
				GCC_WARN_UNUSED_FUNCTION = YES;
				GCC_WARN_UNUSED_VARIABLE = YES;
				IPHONEOS_DEPLOYMENT_TARGET = 10.0;
				MTL_ENABLE_DEBUG_INFO = NO;
				SDKROOT = iphoneos;
				VALIDATE_PRODUCT = YES;
			};
			name = Release;
		};
		4EE300F61DDC03EF0076DCC4 /* Debug */ = {
			isa = XCBuildConfiguration;
			buildSettings = {
				ASSETCATALOG_COMPILER_APPICON_NAME = AppIcon;
				CODE_SIGN_ENTITLEMENTS = HomeScreenShortCutExample/HomeScreenShortCutExample.entitlements;
				DEVELOPMENT_TEAM = A588LMT325;
				INFOPLIST_FILE = HomeScreenShortCutExample/Info.plist;
				IPHONEOS_DEPLOYMENT_TARGET = 9.0;
				LD_RUNPATH_SEARCH_PATHS = "$(inherited) @executable_path/Frameworks";
				PRODUCT_BUNDLE_IDENTIFIER = com.fantagram.HomeScreenShortCutExample;
				PRODUCT_NAME = "$(TARGET_NAME)";
			};
			name = Debug;
		};
		4EE300F71DDC03EF0076DCC4 /* Release */ = {
			isa = XCBuildConfiguration;
			buildSettings = {
				ASSETCATALOG_COMPILER_APPICON_NAME = AppIcon;
				CODE_SIGN_ENTITLEMENTS = HomeScreenShortCutExample/HomeScreenShortCutExample.entitlements;
				DEVELOPMENT_TEAM = A588LMT325;
				INFOPLIST_FILE = HomeScreenShortCutExample/Info.plist;
				IPHONEOS_DEPLOYMENT_TARGET = 9.0;
				LD_RUNPATH_SEARCH_PATHS = "$(inherited) @executable_path/Frameworks";
				PRODUCT_BUNDLE_IDENTIFIER = com.fantagram.HomeScreenShortCutExample;
				PRODUCT_NAME = "$(TARGET_NAME)";
			};
			name = Release;
		};
/* End XCBuildConfiguration section */

/* Begin XCConfigurationList section */
		4E20A6971DDDC0F5007892CF /* Build configuration list for PBXNativeTarget "HomeScreenShortCutExampleWidget" */ = {
			isa = XCConfigurationList;
			buildConfigurations = (
				4E20A6951DDDC0F5007892CF /* Debug */,
				4E20A6961DDDC0F5007892CF /* Release */,
			);
			defaultConfigurationIsVisible = 0;
			defaultConfigurationName = Release;
		};
		4EE300D61DDC03EF0076DCC4 /* Build configuration list for PBXProject "HomeScreenShortCutExample" */ = {
			isa = XCConfigurationList;
			buildConfigurations = (
				4EE300F31DDC03EF0076DCC4 /* Debug */,
				4EE300F41DDC03EF0076DCC4 /* Release */,
			);
			defaultConfigurationIsVisible = 0;
			defaultConfigurationName = Release;
		};
		4EE300F51DDC03EF0076DCC4 /* Build configuration list for PBXNativeTarget "HomeScreenShortCutExample" */ = {
			isa = XCConfigurationList;
			buildConfigurations = (
				4EE300F61DDC03EF0076DCC4 /* Debug */,
				4EE300F71DDC03EF0076DCC4 /* Release */,
			);
			defaultConfigurationIsVisible = 0;
			defaultConfigurationName = Release;
		};
/* End XCConfigurationList section */

/* Begin XCVersionGroup section */
		4EE300EA1DDC03EF0076DCC4 /* HomeScreenShortCutExample.xcdatamodeld */ = {
			isa = XCVersionGroup;
			children = (
				4EE300EB1DDC03EF0076DCC4 /* HomeScreenShortCutExample.xcdatamodel */,
			);
			currentVersion = 4EE300EB1DDC03EF0076DCC4 /* HomeScreenShortCutExample.xcdatamodel */;
			path = HomeScreenShortCutExample.xcdatamodeld;
			sourceTree = "<group>";
			versionGroupType = wrapper.xcdatamodel;
		};
/* End XCVersionGroup section */
	};
	rootObject = 4EE300D31DDC03EF0076DCC4 /* Project object */;
}
